
Microsoft Visual Studio Solution File, Format Version 12.00
Project("{2150E333-8FDC-42A3-9474-1A3956D46DE8}") = "Task0", "Task0", "{64CD3944-04F9-422F-ABC1-E074B32E4F48}"
EndProject
Project("{FAE04EC0-301F-11D3-BF4B-00C04F79EFBC}") = "Tyuiu.KukhtikovYA.Sprint0.Task0.V0", "Tyuiu.KukhtikovYA.Sprint0.Task0.V0\Tyuiu.KukhtikovYA.Sprint0.Task0.V0.csproj", "{E29DD477-C1AC-4E84-B111-2ADE03913F70}"
EndProject
Project("{2150E333-8FDC-42A3-9474-1A3956D46DE8}") = "Task1", "Task1", "{5DEAE7BD-E0C6-41C9-9972-3B1F80C019DD}"
EndProject
Project("{FAE04EC0-301F-11D3-BF4B-00C04F79EFBC}") = "Tyuiu.KukhtikovYA.Sprint0.Task1.V0", "Tyuiu.KukhtikovYA.Sprint0.Task1.V0\Tyuiu.KukhtikovYA.Sprint0.Task1.V0.csproj", "{3D0DF45E-2850-4139-A2F3-4C35C1EBE908}"
EndProject
Project("{2150E333-8FDC-42A3-9474-1A3956D46DE8}") = "Task2", "Task2", "{CCD8DEC0-D0EB-47B7-8E16-A10C97AAD4A6}"
EndProject
Project("{FAE04EC0-301F-11D3-BF4B-00C04F79EFBC}") = "Tyuiu.KukhtikovYA.Sprint0.Task2.V0", "Tyuiu.KukhtikovYA.Sprint0.Task2.V0\Tyuiu.KukhtikovYA.Sprint0.Task2.V0.csproj", "{13CB3105-9A5F-4913-A1CF-9B2C0AE45554}"
EndProject
Project("{FAE04EC0-301F-11D3-BF4B-00C04F79EFBC}") = "Tyuiu.KukhtikovYA.Sprint0.Task2.V0.Lib", "Tyuiu.KukhtikovYA.Sprint0.Task2.V0.Lib\Tyuiu.KukhtikovYA.Sprint0.Task2.V0.Lib.csproj", "{18B5A001-26FE-4584-957B-FA9466CAF570}"
EndProject
Project("{FAE04EC0-301F-11D3-BF4B-00C04F79EFBC}") = "Tyuiu.KukhtikovYA.Sprint0.Task2.V0.Test", "Tyuiu.KukhtikovYA.Sprint0.Task2.V0.Test\Tyuiu.KukhtikovYA.Sprint0.Task2.V0.Test.csproj", "{8C9FC546-7272-424D-9718-3BBAEE3E7CA4}"
EndProject
Project("{2150E333-8FDC-42A3-9474-1A3956D46DE8}") = "Task3", "Task3", "{2FA5CEF6-4177-4904-BF8C-CC8367355FBE}"
EndProject
Project("{FAE04EC0-301F-11D3-BF4B-00C04F79EFBC}") = "Tyuiu.KukhtikovYA.Sprint0.Task3.V0", "Tyuiu.KukhtikovYA.Sprint0.Task3.V0\Tyuiu.KukhtikovYA.Sprint0.Task3.V0.csproj", "{3ACE9E99-A073-44D3-B987-A90670AB4523}"
EndProject
Project("{FAE04EC0-301F-11D3-BF4B-00C04F79EFBC}") = "Tyuiu.KukhtikovYA.Sprint0.Task3.V0.Lib", "Tyuiu.KukhtikovYA.Sprint0.Task3.V0.Lib\Tyuiu.KukhtikovYA.Sprint0.Task3.V0.Lib.csproj", "{82B6CE9D-329E-4F0D-91B3-16A73DD32F76}"
EndProject
Project("{FAE04EC0-301F-11D3-BF4B-00C04F79EFBC}") = "Tyuiu.KukhtikovYA.Sprint0.Task3.V0.Test", "Tyuiu.KukhtikovYA.Sprint0.Task3.V0.Test\Tyuiu.KukhtikovYA.Sprint0.Task3.V0.Test.csproj", "{7E34F854-9A1C-4A45-B32C-C7815B493757}"
EndProject
Global
	GlobalSection(SolutionConfigurationPlatforms) = preSolution
		Debug|Any CPU = Debug|Any CPU
		Release|Any CPU = Release|Any CPU
	EndGlobalSection
	GlobalSection(ProjectConfigurationPlatforms) = postSolution
		{E29DD477-C1AC-4E84-B111-2ADE03913F70}.Debug|Any CPU.ActiveCfg = Debug|Any CPU
		{E29DD477-C1AC-4E84-B111-2ADE03913F70}.Debug|Any CPU.Build.0 = Debug|Any CPU
		{E29DD477-C1AC-4E84-B111-2ADE03913F70}.Release|Any CPU.ActiveCfg = Release|Any CPU
		{E29DD477-C1AC-4E84-B111-2ADE03913F70}.Release|Any CPU.Build.0 = Release|Any CPU
		{3D0DF45E-2850-4139-A2F3-4C35C1EBE908}.Debug|Any CPU.ActiveCfg = Debug|Any CPU
		{3D0DF45E-2850-4139-A2F3-4C35C1EBE908}.Debug|Any CPU.Build.0 = Debug|Any CPU
		{3D0DF45E-2850-4139-A2F3-4C35C1EBE908}.Release|Any CPU.ActiveCfg = Release|Any CPU
		{3D0DF45E-2850-4139-A2F3-4C35C1EBE908}.Release|Any CPU.Build.0 = Release|Any CPU
		{13CB3105-9A5F-4913-A1CF-9B2C0AE45554}.Debug|Any CPU.ActiveCfg = Debug|Any CPU
		{13CB3105-9A5F-4913-A1CF-9B2C0AE45554}.Debug|Any CPU.Build.0 = Debug|Any CPU
		{13CB3105-9A5F-4913-A1CF-9B2C0AE45554}.Release|Any CPU.ActiveCfg = Release|Any CPU
		{13CB3105-9A5F-4913-A1CF-9B2C0AE45554}.Release|Any CPU.Build.0 = Release|Any CPU
		{18B5A001-26FE-4584-957B-FA9466CAF570}.Debug|Any CPU.ActiveCfg = Debug|Any CPU
		{18B5A001-26FE-4584-957B-FA9466CAF570}.Debug|Any CPU.Build.0 = Debug|Any CPU
		{18B5A001-26FE-4584-957B-FA9466CAF570}.Release|Any CPU.ActiveCfg = Release|Any CPU
		{18B5A001-26FE-4584-957B-FA9466CAF570}.Release|Any CPU.Build.0 = Release|Any CPU
		{8C9FC546-7272-424D-9718-3BBAEE3E7CA4}.Debug|Any CPU.ActiveCfg = Debug|Any CPU
		{8C9FC546-7272-424D-9718-3BBAEE3E7CA4}.Debug|Any CPU.Build.0 = Debug|Any CPU
		{8C9FC546-7272-424D-9718-3BBAEE3E7CA4}.Release|Any CPU.ActiveCfg = Release|Any CPU
		{8C9FC546-7272-424D-9718-3BBAEE3E7CA4}.Release|Any CPU.Build.0 = Release|Any CPU
		{3ACE9E99-A073-44D3-B987-A90670AB4523}.Debug|Any CPU.ActiveCfg = Debug|Any CPU
		{3ACE9E99-A073-44D3-B987-A90670AB4523}.Debug|Any CPU.Build.0 = Debug|Any CPU
		{3ACE9E99-A073-44D3-B987-A90670AB4523}.Release|Any CPU.ActiveCfg = Release|Any CPU
		{3ACE9E99-A073-44D3-B987-A90670AB4523}.Release|Any CPU.Build.0 = Release|Any CPU
		{82B6CE9D-329E-4F0D-91B3-16A73DD32F76}.Debug|Any CPU.ActiveCfg = Debug|Any CPU
		{82B6CE9D-329E-4F0D-91B3-16A73DD32F76}.Debug|Any CPU.Build.0 = Debug|Any CPU
		{82B6CE9D-329E-4F0D-91B3-16A73DD32F76}.Release|Any CPU.ActiveCfg = Release|Any CPU
		{82B6CE9D-329E-4F0D-91B3-16A73DD32F76}.Release|Any CPU.Build.0 = Release|Any CPU
		{7E34F854-9A1C-4A45-B32C-C7815B493757}.Debug|Any CPU.ActiveCfg = Debug|Any CPU
		{7E34F854-9A1C-4A45-B32C-C7815B493757}.Debug|Any CPU.Build.0 = Debug|Any CPU
		{7E34F854-9A1C-4A45-B32C-C7815B493757}.Release|Any CPU.ActiveCfg = Release|Any CPU
		{7E34F854-9A1C-4A45-B32C-C7815B493757}.Release|Any CPU.Build.0 = Release|Any CPU
	EndGlobalSection
	GlobalSection(NestedProjects) = preSolution
		{E29DD477-C1AC-4E84-B111-2ADE03913F70} = {64CD3944-04F9-422F-ABC1-E074B32E4F48}
		{3D0DF45E-2850-4139-A2F3-4C35C1EBE908} = {5DEAE7BD-E0C6-41C9-9972-3B1F80C019DD}
		{13CB3105-9A5F-4913-A1CF-9B2C0AE45554} = {CCD8DEC0-D0EB-47B7-8E16-A10C97AAD4A6}
		{18B5A001-26FE-4584-957B-FA9466CAF570} = {CCD8DEC0-D0EB-47B7-8E16-A10C97AAD4A6}
		{8C9FC546-7272-424D-9718-3BBAEE3E7CA4} = {CCD8DEC0-D0EB-47B7-8E16-A10C97AAD4A6}
		{3ACE9E99-A073-44D3-B987-A90670AB4523} = {2FA5CEF6-4177-4904-BF8C-CC8367355FBE}
		{82B6CE9D-329E-4F0D-91B3-16A73DD32F76} = {2FA5CEF6-4177-4904-BF8C-CC8367355FBE}
		{7E34F854-9A1C-4A45-B32C-C7815B493757} = {2FA5CEF6-4177-4904-BF8C-CC8367355FBE}
	EndGlobalSection
EndGlobal
